
Microsoft Visual Studio Solution File, Format Version 12.00
# Visual Studio Version 17
VisualStudioVersion = 17.5.33516.290
MinimumVisualStudioVersion = 10.0.40219.1
Project("{888888A0-9F3D-457C-B088-3A5042F75D52}") = "mangg", "mangg\mangg.pyproj", "{D03D57B4-F835-4000-8D76-2446E6E499B0}"
EndProject
Global
	GlobalSection(SolutionConfigurationPlatforms) = preSolution
		Debug|Any CPU = Debug|Any CPU
		Release|Any CPU = Release|Any CPU
	EndGlobalSection
	GlobalSection(ProjectConfigurationPlatforms) = postSolution
		{D03D57B4-F835-4000-8D76-2446E6E499B0}.Debug|Any CPU.ActiveCfg = Debug|Any CPU
		{D03D57B4-F835-4000-8D76-2446E6E499B0}.Release|Any CPU.ActiveCfg = Release|Any CPU
	EndGlobalSection
	GlobalSection(SolutionProperties) = preSolution
		HideSolutionNode = FALSE
	EndGlobalSection
	GlobalSection(ExtensibilityGlobals) = postSolution
		SolutionGuid = {115189E0-1D8C-4DAB-8B48-3E3F1F7002A0}
	EndGlobalSection
EndGlobal
